// !$*UTF8*$!
{
	archiveVersion = 1;
	classes = {
	};
	objectVersion = 46;
	objects = {

/* Begin PBXBuildFile section */
		D58586F51DBF83D600B8963B /* AppDelegate.swift in Sources */ = {isa = PBXBuildFile; fileRef = D58586F41DBF83D600B8963B /* AppDelegate.swift */; };
		D58586F71DBF83D600B8963B /* ViewController.swift in Sources */ = {isa = PBXBuildFile; fileRef = D58586F61DBF83D600B8963B /* ViewController.swift */; };
		D58586FA1DBF83D600B8963B /* Main.storyboard in Resources */ = {isa = PBXBuildFile; fileRef = D58586F81DBF83D600B8963B /* Main.storyboard */; };
		D58586FD1DBF83D600B8963B /* JustDoIt.xcdatamodeld in Sources */ = {isa = PBXBuildFile; fileRef = D58586FB1DBF83D600B8963B /* JustDoIt.xcdatamodeld */; };
		D58586FF1DBF83D600B8963B /* Assets.xcassets in Resources */ = {isa = PBXBuildFile; fileRef = D58586FE1DBF83D600B8963B /* Assets.xcassets */; };
		D58587021DBF83D600B8963B /* LaunchScreen.storyboard in Resources */ = {isa = PBXBuildFile; fileRef = D58587001DBF83D600B8963B /* LaunchScreen.storyboard */; };
/* End PBXBuildFile section */

/* Begin PBXFileReference section */
		D58586F11DBF83D600B8963B /* JustDoIt.app */ = {isa = PBXFileReference; explicitFileType = wrapper.application; includeInIndex = 0; path = JustDoIt.app; sourceTree = BUILT_PRODUCTS_DIR; };
		D58586F41DBF83D600B8963B /* AppDelegate.swift */ = {isa = PBXFileReference; lastKnownFileType = sourcecode.swift; path = AppDelegate.swift; sourceTree = "<group>"; };
		D58586F61DBF83D600B8963B /* ViewController.swift */ = {isa = PBXFileReference; lastKnownFileType = sourcecode.swift; path = ViewController.swift; sourceTree = "<group>"; };
		D58586F91DBF83D600B8963B /* Base */ = {isa = PBXFileReference; lastKnownFileType = file.storyboard; name = Base; path = Base.lproj/Main.storyboard; sourceTree = "<group>"; };
		D58586FC1DBF83D600B8963B /* JustDoIt.xcdatamodel */ = {isa = PBXFileReference; lastKnownFileType = wrapper.xcdatamodel; path = JustDoIt.xcdatamodel; sourceTree = "<group>"; };
		D58586FE1DBF83D600B8963B /* Assets.xcassets */ = {isa = PBXFileReference; lastKnownFileType = folder.assetcatalog; path = Assets.xcassets; sourceTree = "<group>"; };
		D58587011DBF83D600B8963B /* Base */ = {isa = PBXFileReference; lastKnownFileType = file.storyboard; name = Base; path = Base.lproj/LaunchScreen.storyboard; sourceTree = "<group>"; };
		D58587031DBF83D600B8963B /* Info.plist */ = {isa = PBXFileReference; lastKnownFileType = text.plist.xml; path = Info.plist; sourceTree = "<group>"; };
/* End PBXFileReference section */

/* Begin PBXFrameworksBuildPhase section */
		D58586EE1DBF83D500B8963B /* Frameworks */ = {
			isa = PBXFrameworksBuildPhase;
			buildActionMask = 2147483647;
			files = (
			);
			runOnlyForDeploymentPostprocessing = 0;
		};
/* End PBXFrameworksBuildPhase section */

/* Begin PBXGroup section */
		D58586E81DBF83D500B8963B = {
			isa = PBXGroup;
			children = (
				D58586F31DBF83D600B8963B /* JustDoIt */,
				D58586F21DBF83D600B8963B /* Products */,
			);
			sourceTree = "<group>";
		};
		D58586F21DBF83D600B8963B /* Products */ = {
			isa = PBXGroup;
			children = (
				D58586F11DBF83D600B8963B /* JustDoIt.app */,
			);
			name = Products;
			sourceTree = "<group>";
		};
		D58586F31DBF83D600B8963B /* JustDoIt */ = {
			isa = PBXGroup;
			children = (
				D58586F41DBF83D600B8963B /* AppDelegate.swift */,
				D58586F61DBF83D600B8963B /* ViewController.swift */,
				D58586F81DBF83D600B8963B /* Main.storyboard */,
				D58586FE1DBF83D600B8963B /* Assets.xcassets */,
				D58587001DBF83D600B8963B /* LaunchScreen.storyboard */,
				D58587031DBF83D600B8963B /* Info.plist */,
				D58586FB1DBF83D600B8963B /* JustDoIt.xcdatamodeld */,
			);
			path = JustDoIt;
			sourceTree = "<group>";
		};
/* End PBXGroup section */

/* Begin PBXNativeTarget section */
		D58586F01DBF83D500B8963B /* JustDoIt */ = {
			isa = PBXNativeTarget;
			buildConfigurationList = D58587061DBF83D600B8963B /* Build configuration list for PBXNativeTarget "JustDoIt" */;
			buildPhases = (
				D58586ED1DBF83D500B8963B /* Sources */,
				D58586EE1DBF83D500B8963B /* Frameworks */,
				D58586EF1DBF83D500B8963B /* Resources */,
			);
			buildRules = (
			);
			dependencies = (
			);
			name = JustDoIt;
			productName = JustDoIt;
			productReference = D58586F11DBF83D600B8963B /* JustDoIt.app */;
			productType = "com.apple.product-type.application";
		};
/* End PBXNativeTarget section */

/* Begin PBXProject section */
		D58586E91DBF83D500B8963B /* Project object */ = {
			isa = PBXProject;
			attributes = {
				LastSwiftUpdateCheck = 0800;
				LastUpgradeCheck = 0800;
				ORGANIZATIONNAME = "Rohit Goud";
				TargetAttributes = {
					D58586F01DBF83D500B8963B = {
						CreatedOnToolsVersion = 8.0;
						ProvisioningStyle = Automatic;
					};
				};
			};
			buildConfigurationList = D58586EC1DBF83D500B8963B /* Build configuration list for PBXProject "JustDoIt" */;
			compatibilityVersion = "Xcode 3.2";
			developmentRegion = English;
			hasScannedForEncodings = 0;
			knownRegions = (
				en,
				Base,
			);
			mainGroup = D58586E81DBF83D500B8963B;
			productRefGroup = D58586F21DBF83D600B8963B /* Products */;
			projectDirPath = "";
			projectRoot = "";
			targets = (
				D58586F01DBF83D500B8963B /* JustDoIt */,
			);
		};
/* End PBXProject section */

/* Begin PBXResourcesBuildPhase section */
		D58586EF1DBF83D500B8963B /* Resources */ = {
			isa = PBXResourcesBuildPhase;
			buildActionMask = 2147483647;
			files = (
				D58587021DBF83D600B8963B /* LaunchScreen.storyboard in Resources */,
				D58586FF1DBF83D600B8963B /* Assets.xcassets in Resources */,
				D58586FA1DBF83D600B8963B /* Main.storyboard in Resources */,
			);
			runOnlyForDeploymentPostprocessing = 0;
		};
/* End PBXResourcesBuildPhase section */

/* Begin PBXSourcesBuildPhase section */
		D58586ED1DBF83D500B8963B /* Sources */ = {
			isa = PBXSourcesBuildPhase;
			buildActionMask = 2147483647;
			files = (
				D58586FD1DBF83D600B8963B /* JustDoIt.xcdatamodeld in Sources */,
				D58586F71DBF83D600B8963B /* ViewController.swift in Sources */,
				D58586F51DBF83D600B8963B /* AppDelegate.swift in Sources */,
			);
			runOnlyForDeploymentPostprocessing = 0;
		};
/* End PBXSourcesBuildPhase section */

/* Begin PBXVariantGroup section */
		D58586F81DBF83D600B8963B /* Main.storyboard */ = {
			isa = PBXVariantGroup;
			children = (
				D58586F91DBF83D600B8963B /* Base */,
			);
			name = Main.storyboard;
			sourceTree = "<group>";
		};
		D58587001DBF83D600B8963B /* LaunchScreen.storyboard */ = {
			isa = PBXVariantGroup;
			children = (
				D58587011DBF83D600B8963B /* Base */,
			);
			name = LaunchScreen.storyboard;
			sourceTree = "<group>";
		};
/* End PBXVariantGroup section */

/* Begin XCBuildConfiguration section */
		D58587041DBF83D600B8963B /* Debug */ = {
			isa = XCBuildConfiguration;
			buildSettings = {
				ALWAYS_SEARCH_USER_PATHS = NO;
				CLANG_ANALYZER_NONNULL = YES;
				CLANG_CXX_LANGUAGE_STANDARD = "gnu++0x";
				CLANG_CXX_LIBRARY = "libc++";
				CLANG_ENABLE_MODULES = YES;
				CLANG_ENABLE_OBJC_ARC = YES;
				CLANG_WARN_BOOL_CONVERSION = YES;
				CLANG_WARN_CONSTANT_CONVERSION = YES;
				CLANG_WARN_DIRECT_OBJC_ISA_USAGE = YES_ERROR;
				CLANG_WARN_DOCUMENTATION_COMMENTS = YES;
				CLANG_WARN_EMPTY_BODY = YES;
				CLANG_WARN_ENUM_CONVERSION = YES;
				CLANG_WARN_INFINITE_RECURSION = YES;
				CLANG_WARN_INT_CONVERSION = YES;
				CLANG_WARN_OBJC_ROOT_CLASS = YES_ERROR;
				CLANG_WARN_SUSPICIOUS_MOVES = YES;
				CLANG_WARN_UNREACHABLE_CODE = YES;
				CLANG_WARN__DUPLICATE_METHOD_MATCH = YES;
				"CODE_SIGN_IDENTITY[sdk=iphoneos*]" = "iPhone Developer";
				COPY_PHASE_STRIP = NO;
				DEBUG_INFORMATION_FORMAT = dwarf;
				ENABLE_STRICT_OBJC_MSGSEND = YES;
				ENABLE_TESTABILITY = YES;
				GCC_C_LANGUAGE_STANDARD = gnu99;
				GCC_DYNAMIC_NO_PIC = NO;
				GCC_NO_COMMON_BLOCKS = YES;
				GCC_OPTIMIZATION_LEVEL = 0;
				GCC_PREPROCESSOR_DEFINITIONS = (
					"DEBUG=1",
					"$(inherited)",
				);
				GCC_WARN_64_TO_32_BIT_CONVERSION = YES;
				GCC_WARN_ABOUT_RETURN_TYPE = YES_ERROR;
				GCC_WARN_UNDECLARED_SELECTOR = YES;
				GCC_WARN_UNINITIALIZED_AUTOS = YES_AGGRESSIVE;
				GCC_WARN_UNUSED_FUNCTION = YES;
				GCC_WARN_UNUSED_VARIABLE = YES;
				IPHONEOS_DEPLOYMENT_TARGET = 10.0;
				MTL_ENABLE_DEBUG_INFO = YES;
				ONLY_ACTIVE_ARCH = YES;
				SDKROOT = iphoneos;
				SWIFT_ACTIVE_COMPILATION_CONDITIONS = DEBUG;
				SWIFT_OPTIMIZATION_LEVEL = "-Onone";
				TARGETED_DEVICE_FAMILY = "1,2";
			};
			name = Debug;
		};
		D58587051DBF83D600B8963B /* Release */ = {
			isa = XCBuildConfiguration;
			buildSettings = {
				ALWAYS_SEARCH_USER_PATHS = NO;
				CLANG_ANALYZER_NONNULL = YES;
				CLANG_CXX_LANGUAGE_STANDARD = "gnu++0x";
				CLANG_CXX_LIBRARY = "libc++";
				CLANG_ENABLE_MODULES = YES;
				CLANG_ENABLE_OBJC_ARC = YES;
				CLANG_WARN_BOOL_CONVERSION = YES;
				CLANG_WARN_CONSTANT_CONVERSION = YES;
				CLANG_WARN_DIRECT_OBJC_ISA_USAGE = YES_ERROR;
				CLANG_WARN_DOCUMENTATION_COMMENTS = YES;
				CLANG_WARN_EMPTY_BODY = YES;
				CLANG_WARN_ENUM_CONVERSION = YES;
				CLANG_WARN_INFINITE_RECURSION = YES;
				CLANG_WARN_INT_CONVERSION = YES;
				CLANG_WARN_OBJC_ROOT_CLASS = YES_ERROR;
				CLANG_WARN_SUSPICIOUS_MOVES = YES;
				CLANG_WARN_UNREACHABLE_CODE = YES;
				CLANG_WARN__DUPLICATE_METHOD_MATCH = YES;
				"CODE_SIGN_IDENTITY[sdk=iphoneos*]" = "iPhone Developer";
				COPY_PHASE_STRIP = NO;
				DEBUG_INFORMATION_FORMAT = "dwarf-with-dsym";
				ENABLE_NS_ASSERTIONS = NO;
				ENABLE_STRICT_OBJC_MSGSEND = YES;
				GCC_C_LANGUAGE_STANDARD = gnu99;
				GCC_NO_COMMON_BLOCKS = YES;
				GCC_WARN_64_TO_32_BIT_CONVERSION = YES;
				GCC_WARN_ABOUT_RETURN_TYPE = YES_ERROR;
				GCC_WARN_UNDECLARED_SELECTOR = YES;
				GCC_WARN_UNINITIALIZED_AUTOS = YES_AGGRESSIVE;
				GCC_WARN_UNUSED_FUNCTION = YES;
				GCC_WARN_UNUSED_VARIABLE = YES;
				IPHONEOS_DEPLOYMENT_TARGET = 10.0;
				MTL_ENABLE_DEBUG_INFO = NO;
				SDKROOT = iphoneos;
				SWIFT_OPTIMIZATION_LEVEL = "-Owholemodule";
				TARGETED_DEVICE_FAMILY = "1,2";
				VALIDATE_PRODUCT = YES;
			};
			name = Release;
		};
		D58587071DBF83D600B8963B /* Debug */ = {
			isa = XCBuildConfiguration;
			buildSettings = {
				ASSETCATALOG_COMPILER_APPICON_NAME = AppIcon;
				INFOPLIST_FILE = JustDoIt/Info.plist;
				LD_RUNPATH_SEARCH_PATHS = "$(inherited) @executable_path/Frameworks";
				PRODUCT_BUNDLE_IDENTIFIER = com.rohero.JustDoIt;
				PRODUCT_NAME = "$(TARGET_NAME)";
				SWIFT_VERSION = 3.0;
			};
			name = Debug;
		};
		D58587081DBF83D600B8963B /* Release */ = {
			isa = XCBuildConfiguration;
			buildSettings = {
				ASSETCATALOG_COMPILER_APPICON_NAME = AppIcon;
				INFOPLIST_FILE = JustDoIt/Info.plist;
				LD_RUNPATH_SEARCH_PATHS = "$(inherited) @executable_path/Frameworks";
				PRODUCT_BUNDLE_IDENTIFIER = com.rohero.JustDoIt;
				PRODUCT_NAME = "$(TARGET_NAME)";
				SWIFT_VERSION = 3.0;
			};
			name = Release;
		};
/* End XCBuildConfiguration section */

/* Begin XCConfigurationList section */
		D58586EC1DBF83D500B8963B /* Build configuration list for PBXProject "JustDoIt" */ = {
			isa = XCConfigurationList;
			buildConfigurations = (
				D58587041DBF83D600B8963B /* Debug */,
				D58587051DBF83D600B8963B /* Release */,
			);
			defaultConfigurationIsVisible = 0;
			defaultConfigurationName = Release;
		};
		D58587061DBF83D600B8963B /* Build configuration list for PBXNativeTarget "JustDoIt" */ = {
			isa = XCConfigurationList;
			buildConfigurations = (
				D58587071DBF83D600B8963B /* Debug */,
				D58587081DBF83D600B8963B /* Release */,
			);
			defaultConfigurationIsVisible = 0;
		};
/* End XCConfigurationList section */

/* Begin XCVersionGroup section */
		D58586FB1DBF83D600B8963B /* JustDoIt.xcdatamodeld */ = {
			isa = XCVersionGroup;
			children = (
				D58586FC1DBF83D600B8963B /* JustDoIt.xcdatamodel */,
			);
			currentVersion = D58586FC1DBF83D600B8963B /* JustDoIt.xcdatamodel */;
			path = JustDoIt.xcdatamodeld;
			sourceTree = "<group>";
			versionGroupType = wrapper.xcdatamodel;
		};
/* End XCVersionGroup section */
	};
	rootObject = D58586E91DBF83D500B8963B /* Project object */;
}
